
Microsoft Visual Studio Solution File, Format Version 12.00
# Visual Studio Version 17
VisualStudioVersion = 17.4.33205.214
MinimumVisualStudioVersion = 10.0.40219.1
Project("{FAE04EC0-301F-11D3-BF4B-00C04F79EFBC}") = "alilepidrasi anthropu kai ipologisti", "alilepidrasi anthropu kai ipologisti\alilepidrasi anthropu kai ipologisti.csproj", "{3DF5BC6D-672F-4A5F-81AA-EEF553B1E779}"
EndProject
Global
	GlobalSection(SolutionConfigurationPlatforms) = preSolution
		Debug|Any CPU = Debug|Any CPU
		Release|Any CPU = Release|Any CPU
	EndGlobalSection
	GlobalSection(ProjectConfigurationPlatforms) = postSolution
		{3DF5BC6D-672F-4A5F-81AA-EEF553B1E779}.Debug|Any CPU.ActiveCfg = Debug|Any CPU
		{3DF5BC6D-672F-4A5F-81AA-EEF553B1E779}.Debug|Any CPU.Build.0 = Debug|Any CPU
		{3DF5BC6D-672F-4A5F-81AA-EEF553B1E779}.Release|Any CPU.ActiveCfg = Release|Any CPU
		{3DF5BC6D-672F-4A5F-81AA-EEF553B1E779}.Release|Any CPU.Build.0 = Release|Any CPU
	EndGlobalSection
	GlobalSection(SolutionProperties) = preSolution
		HideSolutionNode = FALSE
	EndGlobalSection
	GlobalSection(ExtensibilityGlobals) = postSolution
		SolutionGuid = {EBD83649-575B-4786-8986-FB6841827929}
	EndGlobalSection
EndGlobal
